
Microsoft Visual Studio Solution File, Format Version 12.00
# Visual Studio 2013
VisualStudioVersion = 12.0.30501.0
MinimumVisualStudioVersion = 10.0.40219.1
Project("{FAE04EC0-301F-11D3-BF4B-00C04F79EFBC}") = "ShopSmart", "ShopSmart\ShopSmart.csproj", "{2A71A35E-0AB3-4ECD-BFB6-08AD0CF73A42}"
EndProject
Project("{FAE04EC0-301F-11D3-BF4B-00C04F79EFBC}") = "ShopSmart.Tests", "ShopSmart.Tests\ShopSmart.Tests.csproj", "{FAB88D95-1B90-459E-AE07-765C45F20608}"
EndProject
Global
	GlobalSection(SolutionConfigurationPlatforms) = preSolution
		Debug|Any CPU = Debug|Any CPU
		Release|Any CPU = Release|Any CPU
	EndGlobalSection
	GlobalSection(ProjectConfigurationPlatforms) = postSolution
		{2A71A35E-0AB3-4ECD-BFB6-08AD0CF73A42}.Debug|Any CPU.ActiveCfg = Debug|Any CPU
		{2A71A35E-0AB3-4ECD-BFB6-08AD0CF73A42}.Debug|Any CPU.Build.0 = Debug|Any CPU
		{2A71A35E-0AB3-4ECD-BFB6-08AD0CF73A42}.Release|Any CPU.ActiveCfg = Release|Any CPU
		{2A71A35E-0AB3-4ECD-BFB6-08AD0CF73A42}.Release|Any CPU.Build.0 = Release|Any CPU
		{FAB88D95-1B90-459E-AE07-765C45F20608}.Debug|Any CPU.ActiveCfg = Debug|Any CPU
		{FAB88D95-1B90-459E-AE07-765C45F20608}.Debug|Any CPU.Build.0 = Debug|Any CPU
		{FAB88D95-1B90-459E-AE07-765C45F20608}.Release|Any CPU.ActiveCfg = Release|Any CPU
		{FAB88D95-1B90-459E-AE07-765C45F20608}.Release|Any CPU.Build.0 = Release|Any CPU
	EndGlobalSection
	GlobalSection(SolutionProperties) = preSolution
		HideSolutionNode = FALSE
	EndGlobalSection
EndGlobal
